// !$*UTF8*$!
{
	archiveVersion = 1;
	classes = {
	};
	objectVersion = 77;
	objects = {

/* Begin PBXBuildFile section */
		2606AA0D36DE21FC556EA44E /* CommandFlowApp.swift in Sources */ = {isa = PBXBuildFile; fileRef = A2845C034B8BA6B8D8B6042D /* CommandFlowApp.swift */; };
		4700F370D44F4D1432A8DDFA /* MenuBarHomeView.swift in Sources */ = {isa = PBXBuildFile; fileRef = 5C2CA081CAC330F7F3630FF0 /* MenuBarHomeView.swift */; };
		5E148D446685714F42E1E169 /* SettingsView.swift in Sources */ = {isa = PBXBuildFile; fileRef = BC318A7B349669FC300EE6A2 /* SettingsView.swift */; };
		F913B7D1F5B777AD7D803502 /* AppState.swift in Sources */ = {isa = PBXBuildFile; fileRef = F14C5D5005886011F63F1237 /* AppState.swift */; };
/* End PBXBuildFile section */

/* Begin PBXFileReference section */
		49E9F26DE33D48447BF203E7 /* CommandFlow.app */ = {isa = PBXFileReference; explicitFileType = wrapper.application; includeInIndex = 0; path = CommandFlow.app; sourceTree = BUILT_PRODUCTS_DIR; };
		5C2CA081CAC330F7F3630FF0 /* MenuBarHomeView.swift */ = {isa = PBXFileReference; lastKnownFileType = sourcecode.swift; path = MenuBarHomeView.swift; sourceTree = "<group>"; };
		A2845C034B8BA6B8D8B6042D /* CommandFlowApp.swift */ = {isa = PBXFileReference; lastKnownFileType = sourcecode.swift; path = CommandFlowApp.swift; sourceTree = "<group>"; };
		BC318A7B349669FC300EE6A2 /* SettingsView.swift */ = {isa = PBXFileReference; lastKnownFileType = sourcecode.swift; path = SettingsView.swift; sourceTree = "<group>"; };
		F14C5D5005886011F63F1237 /* AppState.swift */ = {isa = PBXFileReference; lastKnownFileType = sourcecode.swift; path = AppState.swift; sourceTree = "<group>"; };
/* End PBXFileReference section */

/* Begin PBXGroup section */
		172CAF8E3F29492E1F22528E = {
			isa = PBXGroup;
			children = (
				B79C2E675BDDA1310C9A7815 /* CommandFlow */,
				6CFD4F6269FD7F764122893C /* Products */,
			);
			sourceTree = "<group>";
		};
		3CA433D2649E8103C9881B29 /* Views */ = {
			isa = PBXGroup;
			children = (
				5C2CA081CAC330F7F3630FF0 /* MenuBarHomeView.swift */,
				BC318A7B349669FC300EE6A2 /* SettingsView.swift */,
			);
			path = Views;
			sourceTree = "<group>";
		};
		6CAE9B43093C46D74439F0B6 /* Sources */ = {
			isa = PBXGroup;
			children = (
				BD3E66A893247DB5238BDBC7 /* App */,
				3CA433D2649E8103C9881B29 /* Views */,
			);
			path = Sources;
			sourceTree = "<group>";
		};
		6CFD4F6269FD7F764122893C /* Products */ = {
			isa = PBXGroup;
			children = (
				49E9F26DE33D48447BF203E7 /* CommandFlow.app */,
			);
			name = Products;
			sourceTree = "<group>";
		};
		B79C2E675BDDA1310C9A7815 /* CommandFlow */ = {
			isa = PBXGroup;
			children = (
				6CAE9B43093C46D74439F0B6 /* Sources */,
			);
			path = CommandFlow;
			sourceTree = "<group>";
		};
		BD3E66A893247DB5238BDBC7 /* App */ = {
			isa = PBXGroup;
			children = (
				F14C5D5005886011F63F1237 /* AppState.swift */,
				A2845C034B8BA6B8D8B6042D /* CommandFlowApp.swift */,
			);
			path = App;
			sourceTree = "<group>";
		};
/* End PBXGroup section */

/* Begin PBXNativeTarget section */
		A65F6A7F7B9BF67D19B7AEDC /* CommandFlow */ = {
			isa = PBXNativeTarget;
			buildConfigurationList = 55FE688CF7039CCDB1B84E47 /* Build configuration list for PBXNativeTarget "CommandFlow" */;
			buildPhases = (
				741BFDA44B105814C5ECA22D /* Sources */,
			);
			buildRules = (
			);
			dependencies = (
			);
			name = CommandFlow;
			packageProductDependencies = (
			);
			productName = CommandFlow;
			productReference = 49E9F26DE33D48447BF203E7 /* CommandFlow.app */;
			productType = "com.apple.product-type.application";
		};
/* End PBXNativeTarget section */

/* Begin PBXProject section */
		7411C964318973AD63266EEB /* Project object */ = {
			isa = PBXProject;
			attributes = {
				BuildIndependentTargetsInParallel = YES;
				LastUpgradeCheck = 1430;
				TargetAttributes = {
					A65F6A7F7B9BF67D19B7AEDC = {
						ProvisioningStyle = Automatic;
					};
				};
			};
			buildConfigurationList = 71977AA0C6D9ED00E2D0F8CA /* Build configuration list for PBXProject "CommandFlow" */;
			developmentRegion = en;
			hasScannedForEncodings = 0;
			knownRegions = (
				Base,
				en,
			);
			mainGroup = 172CAF8E3F29492E1F22528E;
			minimizedProjectReferenceProxies = 1;
			preferredProjectObjectVersion = 77;
			productRefGroup = 6CFD4F6269FD7F764122893C /* Products */;
			projectDirPath = "";
			projectRoot = "";
			targets = (
				A65F6A7F7B9BF67D19B7AEDC /* CommandFlow */,
			);
		};
/* End PBXProject section */

/* Begin PBXSourcesBuildPhase section */
		741BFDA44B105814C5ECA22D /* Sources */ = {
			isa = PBXSourcesBuildPhase;
			buildActionMask = 2147483647;
			files = (
				F913B7D1F5B777AD7D803502 /* AppState.swift in Sources */,
				2606AA0D36DE21FC556EA44E /* CommandFlowApp.swift in Sources */,
				4700F370D44F4D1432A8DDFA /* MenuBarHomeView.swift in Sources */,
				5E148D446685714F42E1E169 /* SettingsView.swift in Sources */,
			);
			runOnlyForDeploymentPostprocessing = 0;
		};
/* End PBXSourcesBuildPhase section */

/* Begin XCBuildConfiguration section */
		4BEA46F708292FB251545B25 /* Debug */ = {
			isa = XCBuildConfiguration;
			buildSettings = {
				ALWAYS_SEARCH_USER_PATHS = NO;
				CLANG_ANALYZER_NONNULL = YES;
				CLANG_ANALYZER_NUMBER_OBJECT_CONVERSION = YES_AGGRESSIVE;
				CLANG_CXX_LANGUAGE_STANDARD = "gnu++14";
				CLANG_CXX_LIBRARY = "libc++";
				CLANG_ENABLE_MODULES = YES;
				CLANG_ENABLE_OBJC_ARC = YES;
				CLANG_ENABLE_OBJC_WEAK = YES;
				CLANG_WARN_BLOCK_CAPTURE_AUTORELEASING = YES;
				CLANG_WARN_BOOL_CONVERSION = YES;
				CLANG_WARN_COMMA = YES;
				CLANG_WARN_CONSTANT_CONVERSION = YES;
				CLANG_WARN_DEPRECATED_OBJC_IMPLEMENTATIONS = YES;
				CLANG_WARN_DIRECT_OBJC_ISA_USAGE = YES_ERROR;
				CLANG_WARN_DOCUMENTATION_COMMENTS = YES;
				CLANG_WARN_EMPTY_BODY = YES;
				CLANG_WARN_ENUM_CONVERSION = YES;
				CLANG_WARN_INFINITE_RECURSION = YES;
				CLANG_WARN_INT_CONVERSION = YES;
				CLANG_WARN_NON_LITERAL_NULL_CONVERSION = YES;
				CLANG_WARN_OBJC_IMPLICIT_RETAIN_SELF = YES;
				CLANG_WARN_OBJC_LITERAL_CONVERSION = YES;
				CLANG_WARN_OBJC_ROOT_CLASS = YES_ERROR;
				CLANG_WARN_QUOTED_INCLUDE_IN_FRAMEWORK_HEADER = YES;
				CLANG_WARN_RANGE_LOOP_ANALYSIS = YES;
				CLANG_WARN_STRICT_PROTOTYPES = YES;
				CLANG_WARN_SUSPICIOUS_MOVE = YES;
				CLANG_WARN_UNGUARDED_AVAILABILITY = YES_AGGRESSIVE;
				CLANG_WARN_UNREACHABLE_CODE = YES;
				CLANG_WARN__DUPLICATE_METHOD_MATCH = YES;
				CODE_SIGN_STYLE = Automatic;
				COPY_PHASE_STRIP = NO;
				CURRENT_PROJECT_VERSION = 1;
				DEBUG_INFORMATION_FORMAT = dwarf;
				ENABLE_STRICT_OBJC_MSGSEND = YES;
				ENABLE_TESTABILITY = YES;
				GCC_C_LANGUAGE_STANDARD = gnu11;
				GCC_DYNAMIC_NO_PIC = NO;
				GCC_NO_COMMON_BLOCKS = YES;
				GCC_OPTIMIZATION_LEVEL = 0;
				GCC_PREPROCESSOR_DEFINITIONS = (
					"$(inherited)",
					"DEBUG=1",
				);
				GCC_WARN_64_TO_32_BIT_CONVERSION = YES;
				GCC_WARN_ABOUT_RETURN_TYPE = YES_ERROR;
				GCC_WARN_UNDECLARED_SELECTOR = YES;
				GCC_WARN_UNINITIALIZED_AUTOS = YES_AGGRESSIVE;
				GCC_WARN_UNUSED_FUNCTION = YES;
				GCC_WARN_UNUSED_VARIABLE = YES;
				GENERATE_INFOPLIST_FILE = YES;
				INFOPLIST_KEY_CFBundleDisplayName = CommandFlow;
				INFOPLIST_KEY_LSUIElement = YES;
				MACOSX_DEPLOYMENT_TARGET = 14.0;
				MARKETING_VERSION = 0.1.0;
				MTL_ENABLE_DEBUG_INFO = INCLUDE_SOURCE;
				MTL_FAST_MATH = YES;
				ONLY_ACTIVE_ARCH = YES;
				PRODUCT_BUNDLE_IDENTIFIER = com.hugobrun.commandflow.dev;
				PRODUCT_NAME = CommandFlow;
				SDKROOT = macosx;
				SWIFT_ACTIVE_COMPILATION_CONDITIONS = DEBUG;
				SWIFT_OPTIMIZATION_LEVEL = "-Onone";
				SWIFT_VERSION = 5.0;
			};
			name = Debug;
		};
		79E287F69CF15DF231C916F3 /* Debug */ = {
			isa = XCBuildConfiguration;
			buildSettings = {
				ASSETCATALOG_COMPILER_APPICON_NAME = AppIcon;
				COMBINE_HIDPI_IMAGES = YES;
				LD_RUNPATH_SEARCH_PATHS = (
					"$(inherited)",
					"@executable_path/../Frameworks",
				);
				PRODUCT_BUNDLE_IDENTIFIER = com.hugobrun.commandflow.dev;
				SDKROOT = macosx;
				SUPPORTS_MACCATALYST = NO;
				SWIFT_EMIT_LOC_STRINGS = NO;
			};
			name = Debug;
		};
		938902468CCDCFECF1C06F0B /* Release */ = {
			isa = XCBuildConfiguration;
			buildSettings = {
				ALWAYS_SEARCH_USER_PATHS = NO;
				CLANG_ANALYZER_NONNULL = YES;
				CLANG_ANALYZER_NUMBER_OBJECT_CONVERSION = YES_AGGRESSIVE;
				CLANG_CXX_LANGUAGE_STANDARD = "gnu++14";
				CLANG_CXX_LIBRARY = "libc++";
				CLANG_ENABLE_MODULES = YES;
				CLANG_ENABLE_OBJC_ARC = YES;
				CLANG_ENABLE_OBJC_WEAK = YES;
				CLANG_WARN_BLOCK_CAPTURE_AUTORELEASING = YES;
				CLANG_WARN_BOOL_CONVERSION = YES;
				CLANG_WARN_COMMA = YES;
				CLANG_WARN_CONSTANT_CONVERSION = YES;
				CLANG_WARN_DEPRECATED_OBJC_IMPLEMENTATIONS = YES;
				CLANG_WARN_DIRECT_OBJC_ISA_USAGE = YES_ERROR;
				CLANG_WARN_DOCUMENTATION_COMMENTS = YES;
				CLANG_WARN_EMPTY_BODY = YES;
				CLANG_WARN_ENUM_CONVERSION = YES;
				CLANG_WARN_INFINITE_RECURSION = YES;
				CLANG_WARN_INT_CONVERSION = YES;
				CLANG_WARN_NON_LITERAL_NULL_CONVERSION = YES;
				CLANG_WARN_OBJC_IMPLICIT_RETAIN_SELF = YES;
				CLANG_WARN_OBJC_LITERAL_CONVERSION = YES;
				CLANG_WARN_OBJC_ROOT_CLASS = YES_ERROR;
				CLANG_WARN_QUOTED_INCLUDE_IN_FRAMEWORK_HEADER = YES;
				CLANG_WARN_RANGE_LOOP_ANALYSIS = YES;
				CLANG_WARN_STRICT_PROTOTYPES = YES;
				CLANG_WARN_SUSPICIOUS_MOVE = YES;
				CLANG_WARN_UNGUARDED_AVAILABILITY = YES_AGGRESSIVE;
				CLANG_WARN_UNREACHABLE_CODE = YES;
				CLANG_WARN__DUPLICATE_METHOD_MATCH = YES;
				CODE_SIGN_STYLE = Automatic;
				COPY_PHASE_STRIP = NO;
				CURRENT_PROJECT_VERSION = 1;
				DEBUG_INFORMATION_FORMAT = "dwarf-with-dsym";
				ENABLE_NS_ASSERTIONS = NO;
				ENABLE_STRICT_OBJC_MSGSEND = YES;
				GCC_C_LANGUAGE_STANDARD = gnu11;
				GCC_NO_COMMON_BLOCKS = YES;
				GCC_WARN_64_TO_32_BIT_CONVERSION = YES;
				GCC_WARN_ABOUT_RETURN_TYPE = YES_ERROR;
				GCC_WARN_UNDECLARED_SELECTOR = YES;
				GCC_WARN_UNINITIALIZED_AUTOS = YES_AGGRESSIVE;
				GCC_WARN_UNUSED_FUNCTION = YES;
				GCC_WARN_UNUSED_VARIABLE = YES;
				GENERATE_INFOPLIST_FILE = YES;
				INFOPLIST_KEY_CFBundleDisplayName = CommandFlow;
				INFOPLIST_KEY_LSUIElement = YES;
				MACOSX_DEPLOYMENT_TARGET = 14.0;
				MARKETING_VERSION = 0.1.0;
				MTL_ENABLE_DEBUG_INFO = NO;
				MTL_FAST_MATH = YES;
				PRODUCT_BUNDLE_IDENTIFIER = com.hugobrun.commandflow.dev;
				PRODUCT_NAME = CommandFlow;
				SDKROOT = macosx;
				SWIFT_COMPILATION_MODE = wholemodule;
				SWIFT_OPTIMIZATION_LEVEL = "-O";
				SWIFT_VERSION = 5.0;
			};
			name = Release;
		};
		B4D1594095E79491F6BF955A /* Release */ = {
			isa = XCBuildConfiguration;
			buildSettings = {
				ASSETCATALOG_COMPILER_APPICON_NAME = AppIcon;
				COMBINE_HIDPI_IMAGES = YES;
				LD_RUNPATH_SEARCH_PATHS = (
					"$(inherited)",
					"@executable_path/../Frameworks",
				);
				PRODUCT_BUNDLE_IDENTIFIER = com.hugobrun.commandflow.dev;
				SDKROOT = macosx;
				SUPPORTS_MACCATALYST = NO;
				SWIFT_EMIT_LOC_STRINGS = NO;
			};
			name = Release;
		};
/* End XCBuildConfiguration section */

/* Begin XCConfigurationList section */
		55FE688CF7039CCDB1B84E47 /* Build configuration list for PBXNativeTarget "CommandFlow" */ = {
			isa = XCConfigurationList;
			buildConfigurations = (
				79E287F69CF15DF231C916F3 /* Debug */,
				B4D1594095E79491F6BF955A /* Release */,
			);
			defaultConfigurationIsVisible = 0;
			defaultConfigurationName = Debug;
		};
		71977AA0C6D9ED00E2D0F8CA /* Build configuration list for PBXProject "CommandFlow" */ = {
			isa = XCConfigurationList;
			buildConfigurations = (
				4BEA46F708292FB251545B25 /* Debug */,
				938902468CCDCFECF1C06F0B /* Release */,
			);
			defaultConfigurationIsVisible = 0;
			defaultConfigurationName = Debug;
		};
/* End XCConfigurationList section */
	};
	rootObject = 7411C964318973AD63266EEB /* Project object */;
}
